
Microsoft Visual Studio Solution File, Format Version 12.00
# Visual Studio 15
VisualStudioVersion = 15.0.27004.2005
MinimumVisualStudioVersion = 10.0.40219.1
Project("{FAE04EC0-301F-11D3-BF4B-00C04F79EFBC}") = "SzyfrCezara", "SzyfrCezara\SzyfrCezara.csproj", "{E07BFE88-54F8-48F8-A196-D081769FBEDC}"
EndProject
Project("{FAE04EC0-301F-11D3-BF4B-00C04F79EFBC}") = "SzyfrVigenerea", "SzyfrVigenerea\SzyfrVigenerea.csproj", "{449A4F17-F568-4342-B180-139150781095}"
EndProject
Project("{FAE04EC0-301F-11D3-BF4B-00C04F79EFBC}") = "PlayFair", "PlayFair\PlayFair.csproj", "{2E278474-22BA-47E0-A5D8-BF89D8623F76}"
EndProject
Project("{FAE04EC0-301F-11D3-BF4B-00C04F79EFBC}") = "SzyfrAfiniczny", "SzyfrAfiniczny\SzyfrAfiniczny.csproj", "{8FD46D4B-67EC-4BE2-AFD8-8FE080FB7700}"
EndProject
Global
	GlobalSection(SolutionConfigurationPlatforms) = preSolution
		Debug|Any CPU = Debug|Any CPU
		Release|Any CPU = Release|Any CPU
	EndGlobalSection
	GlobalSection(ProjectConfigurationPlatforms) = postSolution
		{E07BFE88-54F8-48F8-A196-D081769FBEDC}.Debug|Any CPU.ActiveCfg = Debug|Any CPU
		{E07BFE88-54F8-48F8-A196-D081769FBEDC}.Debug|Any CPU.Build.0 = Debug|Any CPU
		{E07BFE88-54F8-48F8-A196-D081769FBEDC}.Release|Any CPU.ActiveCfg = Release|Any CPU
		{E07BFE88-54F8-48F8-A196-D081769FBEDC}.Release|Any CPU.Build.0 = Release|Any CPU
		{449A4F17-F568-4342-B180-139150781095}.Debug|Any CPU.ActiveCfg = Debug|Any CPU
		{449A4F17-F568-4342-B180-139150781095}.Debug|Any CPU.Build.0 = Debug|Any CPU
		{449A4F17-F568-4342-B180-139150781095}.Release|Any CPU.ActiveCfg = Release|Any CPU
		{449A4F17-F568-4342-B180-139150781095}.Release|Any CPU.Build.0 = Release|Any CPU
		{2E278474-22BA-47E0-A5D8-BF89D8623F76}.Debug|Any CPU.ActiveCfg = Debug|Any CPU
		{2E278474-22BA-47E0-A5D8-BF89D8623F76}.Debug|Any CPU.Build.0 = Debug|Any CPU
		{2E278474-22BA-47E0-A5D8-BF89D8623F76}.Release|Any CPU.ActiveCfg = Release|Any CPU
		{2E278474-22BA-47E0-A5D8-BF89D8623F76}.Release|Any CPU.Build.0 = Release|Any CPU
		{8FD46D4B-67EC-4BE2-AFD8-8FE080FB7700}.Debug|Any CPU.ActiveCfg = Debug|Any CPU
		{8FD46D4B-67EC-4BE2-AFD8-8FE080FB7700}.Debug|Any CPU.Build.0 = Debug|Any CPU
		{8FD46D4B-67EC-4BE2-AFD8-8FE080FB7700}.Release|Any CPU.ActiveCfg = Release|Any CPU
		{8FD46D4B-67EC-4BE2-AFD8-8FE080FB7700}.Release|Any CPU.Build.0 = Release|Any CPU
	EndGlobalSection
	GlobalSection(SolutionProperties) = preSolution
		HideSolutionNode = FALSE
	EndGlobalSection
	GlobalSection(ExtensibilityGlobals) = postSolution
		SolutionGuid = {1A853BC1-4543-47D2-BFCC-5BCB48139D41}
	EndGlobalSection
EndGlobal
